{
  "requires": true,
  "lockfileVersion": 1,
  "dependencies": {
    "cli-spinners": {
      "version": "2.2.0",
      "resolved": "https://registry.npmjs.org/cli-spinners/-/cli-spinners-2.2.0.tgz",
      "integrity": "sha512-tgU3fKwzYjiLEQgPMD9Jt+JjHVL9kW93FiIMX/l7rivvOD4/LL0Mf7gda3+4U2KJBloybwgj5KEoQgGRioMiKQ=="
    }
  }
}
